{
  "name": "@graywolfai/rest-ts",
  "version": "0.3.0-alpha.2",
  "lockfileVersion": 1,
  "requires": true,
  "dependencies": {
    "io-ts": {
      "version": "2.2.2",
      "resolved": "https://registry.npmjs.org/io-ts/-/io-ts-2.2.2.tgz",
      "integrity": "sha512-cXXIL4CR5/sWfKw/Ssc/cbZJGG13J4pJv9/RN6SlWJyh+foAPEUE0I9sWTX1kG24dvhiCM9fpO4F+2AsP+WzaQ=="
    }
  }
}
